// !$*UTF8*$!
{
	archiveVersion = 1;
	classes = {
	};
	objectVersion = 56;
	objects = {

/* Begin PBXBuildFile section */
		AD3D008A2BD2336E00AEBCEC /* AppDelegate.swift in Sources */ = {isa = PBXBuildFile; fileRef = AD3D00892BD2336E00AEBCEC /* AppDelegate.swift */; };
		AD3D008C2BD2336E00AEBCEC /* SceneDelegate.swift in Sources */ = {isa = PBXBuildFile; fileRef = AD3D008B2BD2336E00AEBCEC /* SceneDelegate.swift */; };
		AD3D00932BD2337000AEBCEC /* Assets.xcassets in Resources */ = {isa = PBXBuildFile; fileRef = AD3D00922BD2337000AEBCEC /* Assets.xcassets */; };
		AD3D00962BD2337000AEBCEC /* LaunchScreen.storyboard in Resources */ = {isa = PBXBuildFile; fileRef = AD3D00942BD2337000AEBCEC /* LaunchScreen.storyboard */; };
		AD3D00A12BD2340800AEBCEC /* MenuViewController.swift in Sources */ = {isa = PBXBuildFile; fileRef = AD3D00A02BD2340800AEBCEC /* MenuViewController.swift */; };
		AD3D00A52BD2347C00AEBCEC /* MenuViewModel.swift in Sources */ = {isa = PBXBuildFile; fileRef = AD3D00A42BD2347C00AEBCEC /* MenuViewModel.swift */; };
		AD3D00A82BD234A900AEBCEC /* SnapKit in Frameworks */ = {isa = PBXBuildFile; productRef = AD3D00A72BD234A900AEBCEC /* SnapKit */; };
		AD3D00AA2BD23CCB00AEBCEC /* MenuCollectionViewCell.swift in Sources */ = {isa = PBXBuildFile; fileRef = AD3D00A92BD23CCB00AEBCEC /* MenuCollectionViewCell.swift */; };
		AD3D00AC2BD23E5900AEBCEC /* Extension+UICollectionView.swift in Sources */ = {isa = PBXBuildFile; fileRef = AD3D00AB2BD23E5900AEBCEC /* Extension+UICollectionView.swift */; };
		ADB316842BD5E89F00039498 /* MenuModel.swift in Sources */ = {isa = PBXBuildFile; fileRef = ADB316832BD5E89F00039498 /* MenuModel.swift */; };
		ADB316862BD5EB3D00039498 /* Extension+Publishers.swift in Sources */ = {isa = PBXBuildFile; fileRef = ADB316852BD5EB3D00039498 /* Extension+Publishers.swift */; };
		ADB316882BD5ECF500039498 /* SeparatorView.swift in Sources */ = {isa = PBXBuildFile; fileRef = ADB316872BD5ECF500039498 /* SeparatorView.swift */; };
		ADB3168B2BD5F41100039498 /* MenuNavigator.swift in Sources */ = {isa = PBXBuildFile; fileRef = ADB3168A2BD5F41100039498 /* MenuNavigator.swift */; };
		ADB3168E2BD6009200039498 /* WithLatestFromViewController.swift in Sources */ = {isa = PBXBuildFile; fileRef = ADB3168D2BD6009200039498 /* WithLatestFromViewController.swift */; };
		ADB316912BD600B700039498 /* WithLatestFromViewModel.swift in Sources */ = {isa = PBXBuildFile; fileRef = ADB316902BD600B700039498 /* WithLatestFromViewModel.swift */; };
		ADB316932BD600C500039498 /* WithLatestFromNavigator.swift in Sources */ = {isa = PBXBuildFile; fileRef = ADB316922BD600C500039498 /* WithLatestFromNavigator.swift */; };
		ADB3169A2BD625FD00039498 /* Combine+WithLatestFrom.swift in Sources */ = {isa = PBXBuildFile; fileRef = ADB316992BD625FD00039498 /* Combine+WithLatestFrom.swift */; };
		ADB3169D2BD6361C00039498 /* CombineCocoa in Frameworks */ = {isa = PBXBuildFile; productRef = ADB3169C2BD6361C00039498 /* CombineCocoa */; };
		ADB316A12BD64C4200039498 /* CombineLatestViewController.swift in Sources */ = {isa = PBXBuildFile; fileRef = ADB316A02BD64C4200039498 /* CombineLatestViewController.swift */; };
		ADB316A42BD64C9900039498 /* CombineLatestViewModel.swift in Sources */ = {isa = PBXBuildFile; fileRef = ADB316A32BD64C9900039498 /* CombineLatestViewModel.swift */; };
		ADB316A62BD64D1200039498 /* CombineLatestNavigator.swift in Sources */ = {isa = PBXBuildFile; fileRef = ADB316A52BD64D1200039498 /* CombineLatestNavigator.swift */; };
/* End PBXBuildFile section */

/* Begin PBXFileReference section */
		AD3D00862BD2336E00AEBCEC /* CombineProject.app */ = {isa = PBXFileReference; explicitFileType = wrapper.application; includeInIndex = 0; path = CombineProject.app; sourceTree = BUILT_PRODUCTS_DIR; };
		AD3D00892BD2336E00AEBCEC /* AppDelegate.swift */ = {isa = PBXFileReference; lastKnownFileType = sourcecode.swift; path = AppDelegate.swift; sourceTree = "<group>"; };
		AD3D008B2BD2336E00AEBCEC /* SceneDelegate.swift */ = {isa = PBXFileReference; lastKnownFileType = sourcecode.swift; path = SceneDelegate.swift; sourceTree = "<group>"; };
		AD3D00922BD2337000AEBCEC /* Assets.xcassets */ = {isa = PBXFileReference; lastKnownFileType = folder.assetcatalog; path = Assets.xcassets; sourceTree = "<group>"; };
		AD3D00952BD2337000AEBCEC /* Base */ = {isa = PBXFileReference; lastKnownFileType = file.storyboard; name = Base; path = Base.lproj/LaunchScreen.storyboard; sourceTree = "<group>"; };
		AD3D00972BD2337000AEBCEC /* Info.plist */ = {isa = PBXFileReference; lastKnownFileType = text.plist.xml; path = Info.plist; sourceTree = "<group>"; };
		AD3D00A02BD2340800AEBCEC /* MenuViewController.swift */ = {isa = PBXFileReference; lastKnownFileType = sourcecode.swift; path = MenuViewController.swift; sourceTree = "<group>"; };
		AD3D00A42BD2347C00AEBCEC /* MenuViewModel.swift */ = {isa = PBXFileReference; lastKnownFileType = sourcecode.swift; path = MenuViewModel.swift; sourceTree = "<group>"; };
		AD3D00A92BD23CCB00AEBCEC /* MenuCollectionViewCell.swift */ = {isa = PBXFileReference; lastKnownFileType = sourcecode.swift; path = MenuCollectionViewCell.swift; sourceTree = "<group>"; };
		AD3D00AB2BD23E5900AEBCEC /* Extension+UICollectionView.swift */ = {isa = PBXFileReference; lastKnownFileType = sourcecode.swift; path = "Extension+UICollectionView.swift"; sourceTree = "<group>"; };
		ADB316832BD5E89F00039498 /* MenuModel.swift */ = {isa = PBXFileReference; lastKnownFileType = sourcecode.swift; path = MenuModel.swift; sourceTree = "<group>"; };
		ADB316852BD5EB3D00039498 /* Extension+Publishers.swift */ = {isa = PBXFileReference; lastKnownFileType = sourcecode.swift; path = "Extension+Publishers.swift"; sourceTree = "<group>"; };
		ADB316872BD5ECF500039498 /* SeparatorView.swift */ = {isa = PBXFileReference; fileEncoding = 4; lastKnownFileType = sourcecode.swift; path = SeparatorView.swift; sourceTree = "<group>"; };
		ADB3168A2BD5F41100039498 /* MenuNavigator.swift */ = {isa = PBXFileReference; lastKnownFileType = sourcecode.swift; path = MenuNavigator.swift; sourceTree = "<group>"; };
		ADB3168D2BD6009200039498 /* WithLatestFromViewController.swift */ = {isa = PBXFileReference; lastKnownFileType = sourcecode.swift; path = WithLatestFromViewController.swift; sourceTree = "<group>"; };
		ADB316902BD600B700039498 /* WithLatestFromViewModel.swift */ = {isa = PBXFileReference; lastKnownFileType = sourcecode.swift; path = WithLatestFromViewModel.swift; sourceTree = "<group>"; };
		ADB316922BD600C500039498 /* WithLatestFromNavigator.swift */ = {isa = PBXFileReference; lastKnownFileType = sourcecode.swift; path = WithLatestFromNavigator.swift; sourceTree = "<group>"; };
		ADB316992BD625FD00039498 /* Combine+WithLatestFrom.swift */ = {isa = PBXFileReference; fileEncoding = 4; lastKnownFileType = sourcecode.swift; path = "Combine+WithLatestFrom.swift"; sourceTree = "<group>"; };
		ADB316A02BD64C4200039498 /* CombineLatestViewController.swift */ = {isa = PBXFileReference; lastKnownFileType = sourcecode.swift; path = CombineLatestViewController.swift; sourceTree = "<group>"; };
		ADB316A32BD64C9900039498 /* CombineLatestViewModel.swift */ = {isa = PBXFileReference; lastKnownFileType = sourcecode.swift; path = CombineLatestViewModel.swift; sourceTree = "<group>"; };
		ADB316A52BD64D1200039498 /* CombineLatestNavigator.swift */ = {isa = PBXFileReference; lastKnownFileType = sourcecode.swift; path = CombineLatestNavigator.swift; sourceTree = "<group>"; };
/* End PBXFileReference section */

/* Begin PBXFrameworksBuildPhase section */
		AD3D00832BD2336E00AEBCEC /* Frameworks */ = {
			isa = PBXFrameworksBuildPhase;
			buildActionMask = 2147483647;
			files = (
				ADB3169D2BD6361C00039498 /* CombineCocoa in Frameworks */,
				AD3D00A82BD234A900AEBCEC /* SnapKit in Frameworks */,
			);
			runOnlyForDeploymentPostprocessing = 0;
		};
/* End PBXFrameworksBuildPhase section */

/* Begin PBXGroup section */
		AD3D007D2BD2336E00AEBCEC = {
			isa = PBXGroup;
			children = (
				AD3D00882BD2336E00AEBCEC /* CombineProject */,
				AD3D00872BD2336E00AEBCEC /* Products */,
			);
			sourceTree = "<group>";
		};
		AD3D00872BD2336E00AEBCEC /* Products */ = {
			isa = PBXGroup;
			children = (
				AD3D00862BD2336E00AEBCEC /* CombineProject.app */,
			);
			name = Products;
			sourceTree = "<group>";
		};
		AD3D00882BD2336E00AEBCEC /* CombineProject */ = {
			isa = PBXGroup;
			children = (
				AD3D009D2BD233C900AEBCEC /* Delegate */,
				AD3D00A22BD2343E00AEBCEC /* View */,
				ADB316952BD61FBC00039498 /* Tool */,
				ADB316942BD61FB500039498 /* Model */,
				AD3D00922BD2337000AEBCEC /* Assets.xcassets */,
				AD3D00942BD2337000AEBCEC /* LaunchScreen.storyboard */,
				AD3D00972BD2337000AEBCEC /* Info.plist */,
			);
			path = CombineProject;
			sourceTree = "<group>";
		};
		AD3D009D2BD233C900AEBCEC /* Delegate */ = {
			isa = PBXGroup;
			children = (
				AD3D00892BD2336E00AEBCEC /* AppDelegate.swift */,
				AD3D008B2BD2336E00AEBCEC /* SceneDelegate.swift */,
			);
			path = Delegate;
			sourceTree = "<group>";
		};
		AD3D00A22BD2343E00AEBCEC /* View */ = {
			isa = PBXGroup;
			children = (
				ADB316892BD5ECF800039498 /* Common */,
				AD3D00A32BD2344900AEBCEC /* Menu */,
				ADB3168F2BD600AB00039498 /* WithLatestFrom */,
				ADB316A22BD64C7900039498 /* CombineLatest */,
			);
			path = View;
			sourceTree = "<group>";
		};
		AD3D00A32BD2344900AEBCEC /* Menu */ = {
			isa = PBXGroup;
			children = (
				AD3D00A02BD2340800AEBCEC /* MenuViewController.swift */,
				AD3D00A42BD2347C00AEBCEC /* MenuViewModel.swift */,
				ADB3168A2BD5F41100039498 /* MenuNavigator.swift */,
				ADB3168C2BD5FF1E00039498 /* Cell */,
			);
			path = Menu;
			sourceTree = "<group>";
		};
		ADB316892BD5ECF800039498 /* Common */ = {
			isa = PBXGroup;
			children = (
				ADB316872BD5ECF500039498 /* SeparatorView.swift */,
			);
			path = Common;
			sourceTree = "<group>";
		};
		ADB3168C2BD5FF1E00039498 /* Cell */ = {
			isa = PBXGroup;
			children = (
				AD3D00A92BD23CCB00AEBCEC /* MenuCollectionViewCell.swift */,
			);
			path = Cell;
			sourceTree = "<group>";
		};
		ADB3168F2BD600AB00039498 /* WithLatestFrom */ = {
			isa = PBXGroup;
			children = (
				ADB3168D2BD6009200039498 /* WithLatestFromViewController.swift */,
				ADB316902BD600B700039498 /* WithLatestFromViewModel.swift */,
				ADB316922BD600C500039498 /* WithLatestFromNavigator.swift */,
			);
			path = WithLatestFrom;
			sourceTree = "<group>";
		};
		ADB316942BD61FB500039498 /* Model */ = {
			isa = PBXGroup;
			children = (
				ADB316832BD5E89F00039498 /* MenuModel.swift */,
			);
			path = Model;
			sourceTree = "<group>";
		};
		ADB316952BD61FBC00039498 /* Tool */ = {
			isa = PBXGroup;
			children = (
				ADB316962BD61FCA00039498 /* Extension */,
			);
			path = Tool;
			sourceTree = "<group>";
		};
		ADB316962BD61FCA00039498 /* Extension */ = {
			isa = PBXGroup;
			children = (
				ADB316992BD625FD00039498 /* Combine+WithLatestFrom.swift */,
				AD3D00AB2BD23E5900AEBCEC /* Extension+UICollectionView.swift */,
				ADB316852BD5EB3D00039498 /* Extension+Publishers.swift */,
			);
			path = Extension;
			sourceTree = "<group>";
		};
		ADB316A22BD64C7900039498 /* CombineLatest */ = {
			isa = PBXGroup;
			children = (
				ADB316A02BD64C4200039498 /* CombineLatestViewController.swift */,
				ADB316A32BD64C9900039498 /* CombineLatestViewModel.swift */,
				ADB316A52BD64D1200039498 /* CombineLatestNavigator.swift */,
			);
			path = CombineLatest;
			sourceTree = "<group>";
		};
/* End PBXGroup section */

/* Begin PBXNativeTarget section */
		AD3D00852BD2336E00AEBCEC /* CombineProject */ = {
			isa = PBXNativeTarget;
			buildConfigurationList = AD3D009A2BD2337000AEBCEC /* Build configuration list for PBXNativeTarget "CombineProject" */;
			buildPhases = (
				AD3D00822BD2336E00AEBCEC /* Sources */,
				AD3D00832BD2336E00AEBCEC /* Frameworks */,
				AD3D00842BD2336E00AEBCEC /* Resources */,
			);
			buildRules = (
			);
			dependencies = (
			);
			name = CombineProject;
			packageProductDependencies = (
				AD3D00A72BD234A900AEBCEC /* SnapKit */,
				ADB3169C2BD6361C00039498 /* CombineCocoa */,
			);
			productName = CombineProject;
			productReference = AD3D00862BD2336E00AEBCEC /* CombineProject.app */;
			productType = "com.apple.product-type.application";
		};
/* End PBXNativeTarget section */

/* Begin PBXProject section */
		AD3D007E2BD2336E00AEBCEC /* Project object */ = {
			isa = PBXProject;
			attributes = {
				BuildIndependentTargetsInParallel = 1;
				LastSwiftUpdateCheck = 1520;
				LastUpgradeCheck = 1520;
				TargetAttributes = {
					AD3D00852BD2336E00AEBCEC = {
						CreatedOnToolsVersion = 15.2;
					};
				};
			};
			buildConfigurationList = AD3D00812BD2336E00AEBCEC /* Build configuration list for PBXProject "CombineProject" */;
			compatibilityVersion = "Xcode 14.0";
			developmentRegion = en;
			hasScannedForEncodings = 0;
			knownRegions = (
				en,
				Base,
			);
			mainGroup = AD3D007D2BD2336E00AEBCEC;
			packageReferences = (
				AD3D00A62BD234A900AEBCEC /* XCRemoteSwiftPackageReference "SnapKit" */,
				ADB3169B2BD6361C00039498 /* XCRemoteSwiftPackageReference "CombineCocoa" */,
			);
			productRefGroup = AD3D00872BD2336E00AEBCEC /* Products */;
			projectDirPath = "";
			projectRoot = "";
			targets = (
				AD3D00852BD2336E00AEBCEC /* CombineProject */,
			);
		};
/* End PBXProject section */

/* Begin PBXResourcesBuildPhase section */
		AD3D00842BD2336E00AEBCEC /* Resources */ = {
			isa = PBXResourcesBuildPhase;
			buildActionMask = 2147483647;
			files = (
				AD3D00962BD2337000AEBCEC /* LaunchScreen.storyboard in Resources */,
				AD3D00932BD2337000AEBCEC /* Assets.xcassets in Resources */,
			);
			runOnlyForDeploymentPostprocessing = 0;
		};
/* End PBXResourcesBuildPhase section */

/* Begin PBXSourcesBuildPhase section */
		AD3D00822BD2336E00AEBCEC /* Sources */ = {
			isa = PBXSourcesBuildPhase;
			buildActionMask = 2147483647;
			files = (
				ADB316882BD5ECF500039498 /* SeparatorView.swift in Sources */,
				AD3D008A2BD2336E00AEBCEC /* AppDelegate.swift in Sources */,
				AD3D008C2BD2336E00AEBCEC /* SceneDelegate.swift in Sources */,
				AD3D00A12BD2340800AEBCEC /* MenuViewController.swift in Sources */,
				ADB316842BD5E89F00039498 /* MenuModel.swift in Sources */,
				ADB3169A2BD625FD00039498 /* Combine+WithLatestFrom.swift in Sources */,
				ADB3168E2BD6009200039498 /* WithLatestFromViewController.swift in Sources */,
				ADB316932BD600C500039498 /* WithLatestFromNavigator.swift in Sources */,
				ADB316A12BD64C4200039498 /* CombineLatestViewController.swift in Sources */,
				AD3D00A52BD2347C00AEBCEC /* MenuViewModel.swift in Sources */,
				ADB3168B2BD5F41100039498 /* MenuNavigator.swift in Sources */,
				AD3D00AC2BD23E5900AEBCEC /* Extension+UICollectionView.swift in Sources */,
				ADB316912BD600B700039498 /* WithLatestFromViewModel.swift in Sources */,
				ADB316A62BD64D1200039498 /* CombineLatestNavigator.swift in Sources */,
				ADB316A42BD64C9900039498 /* CombineLatestViewModel.swift in Sources */,
				ADB316862BD5EB3D00039498 /* Extension+Publishers.swift in Sources */,
				AD3D00AA2BD23CCB00AEBCEC /* MenuCollectionViewCell.swift in Sources */,
			);
			runOnlyForDeploymentPostprocessing = 0;
		};
/* End PBXSourcesBuildPhase section */

/* Begin PBXVariantGroup section */
		AD3D00942BD2337000AEBCEC /* LaunchScreen.storyboard */ = {
			isa = PBXVariantGroup;
			children = (
				AD3D00952BD2337000AEBCEC /* Base */,
			);
			name = LaunchScreen.storyboard;
			sourceTree = "<group>";
		};
/* End PBXVariantGroup section */

/* Begin XCBuildConfiguration section */
		AD3D00982BD2337000AEBCEC /* Debug */ = {
			isa = XCBuildConfiguration;
			buildSettings = {
				ALWAYS_SEARCH_USER_PATHS = NO;
				ASSETCATALOG_COMPILER_GENERATE_SWIFT_ASSET_SYMBOL_EXTENSIONS = YES;
				CLANG_ANALYZER_NONNULL = YES;
				CLANG_ANALYZER_NUMBER_OBJECT_CONVERSION = YES_AGGRESSIVE;
				CLANG_CXX_LANGUAGE_STANDARD = "gnu++20";
				CLANG_ENABLE_MODULES = YES;
				CLANG_ENABLE_OBJC_ARC = YES;
				CLANG_ENABLE_OBJC_WEAK = YES;
				CLANG_WARN_BLOCK_CAPTURE_AUTORELEASING = YES;
				CLANG_WARN_BOOL_CONVERSION = YES;
				CLANG_WARN_COMMA = YES;
				CLANG_WARN_CONSTANT_CONVERSION = YES;
				CLANG_WARN_DEPRECATED_OBJC_IMPLEMENTATIONS = YES;
				CLANG_WARN_DIRECT_OBJC_ISA_USAGE = YES_ERROR;
				CLANG_WARN_DOCUMENTATION_COMMENTS = YES;
				CLANG_WARN_EMPTY_BODY = YES;
				CLANG_WARN_ENUM_CONVERSION = YES;
				CLANG_WARN_INFINITE_RECURSION = YES;
				CLANG_WARN_INT_CONVERSION = YES;
				CLANG_WARN_NON_LITERAL_NULL_CONVERSION = YES;
				CLANG_WARN_OBJC_IMPLICIT_RETAIN_SELF = YES;
				CLANG_WARN_OBJC_LITERAL_CONVERSION = YES;
				CLANG_WARN_OBJC_ROOT_CLASS = YES_ERROR;
				CLANG_WARN_QUOTED_INCLUDE_IN_FRAMEWORK_HEADER = YES;
				CLANG_WARN_RANGE_LOOP_ANALYSIS = YES;
				CLANG_WARN_STRICT_PROTOTYPES = YES;
				CLANG_WARN_SUSPICIOUS_MOVE = YES;
				CLANG_WARN_UNGUARDED_AVAILABILITY = YES_AGGRESSIVE;
				CLANG_WARN_UNREACHABLE_CODE = YES;
				CLANG_WARN__DUPLICATE_METHOD_MATCH = YES;
				COPY_PHASE_STRIP = NO;
				DEBUG_INFORMATION_FORMAT = dwarf;
				ENABLE_STRICT_OBJC_MSGSEND = YES;
				ENABLE_TESTABILITY = YES;
				ENABLE_USER_SCRIPT_SANDBOXING = YES;
				GCC_C_LANGUAGE_STANDARD = gnu17;
				GCC_DYNAMIC_NO_PIC = NO;
				GCC_NO_COMMON_BLOCKS = YES;
				GCC_OPTIMIZATION_LEVEL = 0;
				GCC_PREPROCESSOR_DEFINITIONS = (
					"DEBUG=1",
					"$(inherited)",
				);
				GCC_WARN_64_TO_32_BIT_CONVERSION = YES;
				GCC_WARN_ABOUT_RETURN_TYPE = YES_ERROR;
				GCC_WARN_UNDECLARED_SELECTOR = YES;
				GCC_WARN_UNINITIALIZED_AUTOS = YES_AGGRESSIVE;
				GCC_WARN_UNUSED_FUNCTION = YES;
				GCC_WARN_UNUSED_VARIABLE = YES;
				IPHONEOS_DEPLOYMENT_TARGET = 17.2;
				LOCALIZATION_PREFERS_STRING_CATALOGS = YES;
				MTL_ENABLE_DEBUG_INFO = INCLUDE_SOURCE;
				MTL_FAST_MATH = YES;
				ONLY_ACTIVE_ARCH = YES;
				SDKROOT = iphoneos;
				SWIFT_ACTIVE_COMPILATION_CONDITIONS = "DEBUG $(inherited)";
				SWIFT_OPTIMIZATION_LEVEL = "-Onone";
			};
			name = Debug;
		};
		AD3D00992BD2337000AEBCEC /* Release */ = {
			isa = XCBuildConfiguration;
			buildSettings = {
				ALWAYS_SEARCH_USER_PATHS = NO;
				ASSETCATALOG_COMPILER_GENERATE_SWIFT_ASSET_SYMBOL_EXTENSIONS = YES;
				CLANG_ANALYZER_NONNULL = YES;
				CLANG_ANALYZER_NUMBER_OBJECT_CONVERSION = YES_AGGRESSIVE;
				CLANG_CXX_LANGUAGE_STANDARD = "gnu++20";
				CLANG_ENABLE_MODULES = YES;
				CLANG_ENABLE_OBJC_ARC = YES;
				CLANG_ENABLE_OBJC_WEAK = YES;
				CLANG_WARN_BLOCK_CAPTURE_AUTORELEASING = YES;
				CLANG_WARN_BOOL_CONVERSION = YES;
				CLANG_WARN_COMMA = YES;
				CLANG_WARN_CONSTANT_CONVERSION = YES;
				CLANG_WARN_DEPRECATED_OBJC_IMPLEMENTATIONS = YES;
				CLANG_WARN_DIRECT_OBJC_ISA_USAGE = YES_ERROR;
				CLANG_WARN_DOCUMENTATION_COMMENTS = YES;
				CLANG_WARN_EMPTY_BODY = YES;
				CLANG_WARN_ENUM_CONVERSION = YES;
				CLANG_WARN_INFINITE_RECURSION = YES;
				CLANG_WARN_INT_CONVERSION = YES;
				CLANG_WARN_NON_LITERAL_NULL_CONVERSION = YES;
				CLANG_WARN_OBJC_IMPLICIT_RETAIN_SELF = YES;
				CLANG_WARN_OBJC_LITERAL_CONVERSION = YES;
				CLANG_WARN_OBJC_ROOT_CLASS = YES_ERROR;
				CLANG_WARN_QUOTED_INCLUDE_IN_FRAMEWORK_HEADER = YES;
				CLANG_WARN_RANGE_LOOP_ANALYSIS = YES;
				CLANG_WARN_STRICT_PROTOTYPES = YES;
				CLANG_WARN_SUSPICIOUS_MOVE = YES;
				CLANG_WARN_UNGUARDED_AVAILABILITY = YES_AGGRESSIVE;
				CLANG_WARN_UNREACHABLE_CODE = YES;
				CLANG_WARN__DUPLICATE_METHOD_MATCH = YES;
				COPY_PHASE_STRIP = NO;
				DEBUG_INFORMATION_FORMAT = "dwarf-with-dsym";
				ENABLE_NS_ASSERTIONS = NO;
				ENABLE_STRICT_OBJC_MSGSEND = YES;
				ENABLE_USER_SCRIPT_SANDBOXING = YES;
				GCC_C_LANGUAGE_STANDARD = gnu17;
				GCC_NO_COMMON_BLOCKS = YES;
				GCC_WARN_64_TO_32_BIT_CONVERSION = YES;
				GCC_WARN_ABOUT_RETURN_TYPE = YES_ERROR;
				GCC_WARN_UNDECLARED_SELECTOR = YES;
				GCC_WARN_UNINITIALIZED_AUTOS = YES_AGGRESSIVE;
				GCC_WARN_UNUSED_FUNCTION = YES;
				GCC_WARN_UNUSED_VARIABLE = YES;
				IPHONEOS_DEPLOYMENT_TARGET = 17.2;
				LOCALIZATION_PREFERS_STRING_CATALOGS = YES;
				MTL_ENABLE_DEBUG_INFO = NO;
				MTL_FAST_MATH = YES;
				SDKROOT = iphoneos;
				SWIFT_COMPILATION_MODE = wholemodule;
				VALIDATE_PRODUCT = YES;
			};
			name = Release;
		};
		AD3D009B2BD2337000AEBCEC /* Debug */ = {
			isa = XCBuildConfiguration;
			buildSettings = {
				ASSETCATALOG_COMPILER_APPICON_NAME = AppIcon;
				ASSETCATALOG_COMPILER_GLOBAL_ACCENT_COLOR_NAME = AccentColor;
				CODE_SIGN_STYLE = Automatic;
				CURRENT_PROJECT_VERSION = 1;
				DEVELOPMENT_TEAM = HDFLLXK789;
				GENERATE_INFOPLIST_FILE = YES;
				INFOPLIST_FILE = CombineProject/Info.plist;
				INFOPLIST_KEY_UIApplicationSupportsIndirectInputEvents = YES;
				INFOPLIST_KEY_UILaunchStoryboardName = LaunchScreen;
				INFOPLIST_KEY_UIMainStoryboardFile = "";
				INFOPLIST_KEY_UISupportedInterfaceOrientations_iPad = "UIInterfaceOrientationPortrait UIInterfaceOrientationPortraitUpsideDown UIInterfaceOrientationLandscapeLeft UIInterfaceOrientationLandscapeRight";
				INFOPLIST_KEY_UISupportedInterfaceOrientations_iPhone = "UIInterfaceOrientationPortrait UIInterfaceOrientationLandscapeLeft UIInterfaceOrientationLandscapeRight";
				LD_RUNPATH_SEARCH_PATHS = (
					"$(inherited)",
					"@executable_path/Frameworks",
				);
				MARKETING_VERSION = 1.0;
				PRODUCT_BUNDLE_IDENTIFIER = com.ycompany.CombineProject;
				PRODUCT_NAME = "$(TARGET_NAME)";
				SWIFT_EMIT_LOC_STRINGS = YES;
				SWIFT_VERSION = 5.0;
				TARGETED_DEVICE_FAMILY = "1,2";
			};
			name = Debug;
		};
		AD3D009C2BD2337000AEBCEC /* Release */ = {
			isa = XCBuildConfiguration;
			buildSettings = {
				ASSETCATALOG_COMPILER_APPICON_NAME = AppIcon;
				ASSETCATALOG_COMPILER_GLOBAL_ACCENT_COLOR_NAME = AccentColor;
				CODE_SIGN_STYLE = Automatic;
				CURRENT_PROJECT_VERSION = 1;
				DEVELOPMENT_TEAM = HDFLLXK789;
				GENERATE_INFOPLIST_FILE = YES;
				INFOPLIST_FILE = CombineProject/Info.plist;
				INFOPLIST_KEY_UIApplicationSupportsIndirectInputEvents = YES;
				INFOPLIST_KEY_UILaunchStoryboardName = LaunchScreen;
				INFOPLIST_KEY_UIMainStoryboardFile = "";
				INFOPLIST_KEY_UISupportedInterfaceOrientations_iPad = "UIInterfaceOrientationPortrait UIInterfaceOrientationPortraitUpsideDown UIInterfaceOrientationLandscapeLeft UIInterfaceOrientationLandscapeRight";
				INFOPLIST_KEY_UISupportedInterfaceOrientations_iPhone = "UIInterfaceOrientationPortrait UIInterfaceOrientationLandscapeLeft UIInterfaceOrientationLandscapeRight";
				LD_RUNPATH_SEARCH_PATHS = (
					"$(inherited)",
					"@executable_path/Frameworks",
				);
				MARKETING_VERSION = 1.0;
				PRODUCT_BUNDLE_IDENTIFIER = com.ycompany.CombineProject;
				PRODUCT_NAME = "$(TARGET_NAME)";
				SWIFT_EMIT_LOC_STRINGS = YES;
				SWIFT_VERSION = 5.0;
				TARGETED_DEVICE_FAMILY = "1,2";
			};
			name = Release;
		};
/* End XCBuildConfiguration section */

/* Begin XCConfigurationList section */
		AD3D00812BD2336E00AEBCEC /* Build configuration list for PBXProject "CombineProject" */ = {
			isa = XCConfigurationList;
			buildConfigurations = (
				AD3D00982BD2337000AEBCEC /* Debug */,
				AD3D00992BD2337000AEBCEC /* Release */,
			);
			defaultConfigurationIsVisible = 0;
			defaultConfigurationName = Release;
		};
		AD3D009A2BD2337000AEBCEC /* Build configuration list for PBXNativeTarget "CombineProject" */ = {
			isa = XCConfigurationList;
			buildConfigurations = (
				AD3D009B2BD2337000AEBCEC /* Debug */,
				AD3D009C2BD2337000AEBCEC /* Release */,
			);
			defaultConfigurationIsVisible = 0;
			defaultConfigurationName = Release;
		};
/* End XCConfigurationList section */

/* Begin XCRemoteSwiftPackageReference section */
		AD3D00A62BD234A900AEBCEC /* XCRemoteSwiftPackageReference "SnapKit" */ = {
			isa = XCRemoteSwiftPackageReference;
			repositoryURL = "https://github.com/SnapKit/SnapKit.git";
			requirement = {
				kind = upToNextMajorVersion;
				minimumVersion = 5.7.1;
			};
		};
		ADB3169B2BD6361C00039498 /* XCRemoteSwiftPackageReference "CombineCocoa" */ = {
			isa = XCRemoteSwiftPackageReference;
			repositoryURL = "https://github.com/CombineCommunity/CombineCocoa.git";
			requirement = {
				kind = upToNextMajorVersion;
				minimumVersion = 0.4.1;
			};
		};
/* End XCRemoteSwiftPackageReference section */

/* Begin XCSwiftPackageProductDependency section */
		AD3D00A72BD234A900AEBCEC /* SnapKit */ = {
			isa = XCSwiftPackageProductDependency;
			package = AD3D00A62BD234A900AEBCEC /* XCRemoteSwiftPackageReference "SnapKit" */;
			productName = SnapKit;
		};
		ADB3169C2BD6361C00039498 /* CombineCocoa */ = {
			isa = XCSwiftPackageProductDependency;
			package = ADB3169B2BD6361C00039498 /* XCRemoteSwiftPackageReference "CombineCocoa" */;
			productName = CombineCocoa;
		};
/* End XCSwiftPackageProductDependency section */
	};
	rootObject = AD3D007E2BD2336E00AEBCEC /* Project object */;
}
